
Microsoft Visual Studio Solution File, Format Version 12.00
# Visual Studio 15
VisualStudioVersion = 15.0.28307.168
MinimumVisualStudioVersion = 10.0.40219.1
Project("{8BC9CEB8-8B4A-11D0-8D11-00A0C91BC942}") = "CCPlayer.UI.Xaml.Controls.WP81", "MFWrapper\MFWrapper.vcxproj", "{7D4B2E30-47DA-43C0-9913-3EC6ADABFF77}"
EndProject
Project("{FAE04EC0-301F-11D3-BF4B-00C04F79EFBC}") = "CCPlayer.HWCodecs", "CCPlayer.HWCodecs\CCPlayer.HWCodecs.csproj", "{B6A2285B-A13C-4940-874E-A6C1CC6F9C95}"
EndProject
Project("{FAE04EC0-301F-11D3-BF4B-00C04F79EFBC}") = "CCPlayer.WP81.AD", "CCPlayer.WP81.AD\CCPlayer.WP81.AD.csproj", "{E959174D-3AA3-427A-83AF-68C1069C0E54}"
EndProject
Project("{FAE04EC0-301F-11D3-BF4B-00C04F79EFBC}") = "CCPlayer.WP81.Omega", "CCPlayer.WP81.Omega\CCPlayer.WP81.Omega.csproj", "{E2272F21-AE1F-4F8F-B064-991D3C699F35}"
EndProject
Project("{FAE04EC0-301F-11D3-BF4B-00C04F79EFBC}") = "CCPlayer.WP81.Pro", "CCPlayer.WP81.Pro\CCPlayer.WP81.Pro.csproj", "{1BDDDB2B-6E62-4D98-AD3F-EA7E109C4205}"
EndProject
Project("{2150E333-8FDC-42A3-9474-1A3956D46DE8}") = "LIB", "LIB", "{9DF19505-39B2-419F-8DB0-3D4BD9E79E1D}"
EndProject
Project("{8BC9CEB8-8B4A-11D0-8D11-00A0C91BC942}") = "NativeHelper", "..\sdk\NativeHelper\NativeHelper.vcxproj", "{1C5C16C1-F0BD-4CAB-BFBA-60442E89A8E0}"
EndProject
Project("{FAE04EC0-301F-11D3-BF4B-00C04F79EFBC}") = "Velostep.Encoding", "..\sdk\Velostep.Encoding\Velostep.Encoding.csproj", "{FA4980E7-B08F-42A1-9D9F-7044953089C4}"
EndProject
Project("{FAE04EC0-301F-11D3-BF4B-00C04F79EFBC}") = "Velostep.Encoding.Converter", "..\sdk\Velostep.Encoding.Converter\Velostep.Encoding.Converter.csproj", "{5720FED7-3C83-4EB3-808E-1D742E2AAEFA}"
EndProject
Project("{FAE04EC0-301F-11D3-BF4B-00C04F79EFBC}") = "Velostep.Setting", "..\sdk\Velostep.Setting\Velostep.Setting.csproj", "{52256F42-1952-42AE-8186-01E44CE53A9C}"
EndProject
Project("{FAE04EC0-301F-11D3-BF4B-00C04F79EFBC}") = "Velostep.Common", "..\sdk\Velostep.Common\Velostep.Common.csproj", "{0A748EF0-EF48-4931-B8A4-74CD32C84BF5}"
EndProject
Project("{FAE04EC0-301F-11D3-BF4B-00C04F79EFBC}") = "Velostep.Xaml", "..\sdk\Velostep.Xaml\Velostep.Xaml.csproj", "{25FA02C7-DE47-48D3-8FF5-D885779F6167}"
EndProject
Project("{2150E333-8FDC-42A3-9474-1A3956D46DE8}") = "WP81", "WP81", "{830F2EB8-4E69-44AC-A64F-E6F70DB5D76E}"
EndProject
Project("{FAE04EC0-301F-11D3-BF4B-00C04F79EFBC}") = "CCPlayer.UWP.Pro", "CCPlayer.UWP.Pro\CCPlayer.UWP.Pro.csproj", "{627240A5-28BC-40D7-AA0D-225B55452270}"
EndProject
Project("{2150E333-8FDC-42A3-9474-1A3956D46DE8}") = "WP81", "WP81", "{CCA7DBAD-EEA6-4C1C-9A6B-A1E7FEE993F2}"
EndProject
Project("{2150E333-8FDC-42A3-9474-1A3956D46DE8}") = "UWP", "UWP", "{EF3FB3C2-5036-403A-988B-1C8B2A54D695}"
EndProject
Project("{FAE04EC0-301F-11D3-BF4B-00C04F79EFBC}") = "Lime.Common", "..\sdk\Lime.Common\Lime.Common.csproj", "{A2F51990-D692-44BE-9289-80CC68CCAC59}"
EndProject
Project("{FAE04EC0-301F-11D3-BF4B-00C04F79EFBC}") = "Lime.Encoding", "..\sdk\Lime.Encoding\Lime.Encoding.csproj", "{0FD93F86-43FD-46EB-AFD1-98FADD670C57}"
EndProject
Project("{FAE04EC0-301F-11D3-BF4B-00C04F79EFBC}") = "Lime.Encoding.Converter", "..\sdk\Lime.Encoding.Converter\Lime.Encoding.Converter.csproj", "{6663A50D-D69D-418C-B555-ADEFC319D72D}"
EndProject
Project("{FAE04EC0-301F-11D3-BF4B-00C04F79EFBC}") = "Lime.Xaml", "..\sdk\Lime.Xaml\Lime.Xaml.csproj", "{EA02C48A-4A69-4C3D-BD86-4F9526F404CD}"
EndProject
Project("{8BC9CEB8-8B4A-11D0-8D11-00A0C91BC942}") = "LIme.NativeHelper", "..\sdk\LIme.NativeHelper\LIme.NativeHelper.vcxproj", "{F0CE1619-E0BD-44BA-810D-7CBDC5C4D43C}"
EndProject
Project("{2150E333-8FDC-42A3-9474-1A3956D46DE8}") = "UWP", "UWP", "{D1571304-0344-45D2-8436-9E3E04F4F9C1}"
EndProject
Project("{8BC9CEB8-8B4A-11D0-8D11-00A0C91BC942}") = "CCPlayer.UWP.Xaml.Controls", "CCPlayer.UWP.Xaml.Control\CCPlayer.UWP.Xaml.Control.vcxproj", "{72D68A4E-B43F-430B-B874-DECE6E3E1AFE}"
EndProject
Project("{FAE04EC0-301F-11D3-BF4B-00C04F79EFBC}") = "Velostep.Util", "..\sdk\Velostep.Util\Velostep.Util.csproj", "{467FB189-F04C-449A-BDA3-590D6206BD0F}"
EndProject
Project("{8BC9CEB8-8B4A-11D0-8D11-00A0C91BC942}") = "FFmpegInterop", "..\FFmpegInterop\Win10\FFmpegInterop\FFmpegInterop.vcxproj", "{9CFA3B3E-B7AF-4629-84E2-C962C5B046B1}"
EndProject
Project("{FAE04EC0-301F-11D3-BF4B-00C04F79EFBC}") = "Lime.CPPHelper", "..\sdk\Lime.CPPHelper\Lime.CPPHelper.csproj", "{647128A5-E4A9-4E89-8A28-9534E560AFE9}"
EndProject
Project("{8BC9CEB8-8B4A-11D0-8D11-00A0C91BC942}") = "CCPlayer.UWP.FFmpeg", "CCPlayer.UWP.FFmpeg\CCPlayer.UWP.FFmpeg.vcxproj", "{46C483E2-308A-463D-9D4C-C0EB122CC72D}"
EndProject
Project("{FAE04EC0-301F-11D3-BF4B-00C04F79EFBC}") = "CCPlayer.UWP.Common", "CCPlayer.UWP.Common\CCPlayer.UWP.Common.csproj", "{0B076E94-8248-47F7-843C-25EEC0287A84}"
EndProject
Project("{FAE04EC0-301F-11D3-BF4B-00C04F79EFBC}") = "CCPlayer.UWP.Factory", "CCPlayer.UWP.Factory\CCPlayer.UWP.Factory.csproj", "{8DACEFE6-7C20-42B2-A427-39FC2D66FF1A}"
EndProject
Project("{FAE04EC0-301F-11D3-BF4B-00C04F79EFBC}") = "CCPlayer.UWP.Ad", "CCPlayer.UWP.Ad\CCPlayer.UWP.Ad.csproj", "{BB1E6B96-5A64-482D-AE1F-D77BC6B874E8}"
EndProject
Project("{FAE04EC0-301F-11D3-BF4B-00C04F79EFBC}") = "Lime.Network", "..\sdk\Lime.Network\Lime.Network.csproj", "{F9091EFC-6083-49B9-89C9-F2C31330679B}"
EndProject
Project("{8BC9CEB8-8B4A-11D0-8D11-00A0C91BC942}") = "TestAdvertising", "TestAdvertising\TestAdvertising.vcxproj", "{81CC93B5-B0D9-4D5D-996C-D4D369F218E4}"
EndProject
Project("{FAE04EC0-301F-11D3-BF4B-00C04F79EFBC}") = "TestAdvertising2", "TestAdvertising2\TestAdvertising2.csproj", "{9A9B6A88-4B69-4522-8DE9-83719F4EE4B4}"
EndProject
Global
	GlobalSection(SolutionConfigurationPlatforms) = preSolution
		Debug|ARM = Debug|ARM
		Debug|Mixed Platforms = Debug|Mixed Platforms
		Debug|Win32 = Debug|Win32
		Debug|x64 = Debug|x64
		Debug|x86 = Debug|x86
		Release|ARM = Release|ARM
		Release|Mixed Platforms = Release|Mixed Platforms
		Release|Win32 = Release|Win32
		Release|x64 = Release|x64
		Release|x86 = Release|x86
	EndGlobalSection
	GlobalSection(ProjectConfigurationPlatforms) = postSolution
		{7D4B2E30-47DA-43C0-9913-3EC6ADABFF77}.Debug|ARM.ActiveCfg = Debug|ARM
		{7D4B2E30-47DA-43C0-9913-3EC6ADABFF77}.Debug|ARM.Build.0 = Debug|ARM
		{7D4B2E30-47DA-43C0-9913-3EC6ADABFF77}.Debug|Mixed Platforms.ActiveCfg = Debug|Win32
		{7D4B2E30-47DA-43C0-9913-3EC6ADABFF77}.Debug|Mixed Platforms.Build.0 = Debug|Win32
		{7D4B2E30-47DA-43C0-9913-3EC6ADABFF77}.Debug|Win32.ActiveCfg = Debug|Win32
		{7D4B2E30-47DA-43C0-9913-3EC6ADABFF77}.Debug|Win32.Build.0 = Debug|Win32
		{7D4B2E30-47DA-43C0-9913-3EC6ADABFF77}.Debug|x64.ActiveCfg = Debug|Win32
		{7D4B2E30-47DA-43C0-9913-3EC6ADABFF77}.Debug|x86.ActiveCfg = Debug|Win32
		{7D4B2E30-47DA-43C0-9913-3EC6ADABFF77}.Debug|x86.Build.0 = Debug|Win32
		{7D4B2E30-47DA-43C0-9913-3EC6ADABFF77}.Release|ARM.ActiveCfg = Release|ARM
		{7D4B2E30-47DA-43C0-9913-3EC6ADABFF77}.Release|ARM.Build.0 = Release|ARM
		{7D4B2E30-47DA-43C0-9913-3EC6ADABFF77}.Release|Mixed Platforms.ActiveCfg = Release|Win32
		{7D4B2E30-47DA-43C0-9913-3EC6ADABFF77}.Release|Mixed Platforms.Build.0 = Release|Win32
		{7D4B2E30-47DA-43C0-9913-3EC6ADABFF77}.Release|Win32.ActiveCfg = Release|Win32
		{7D4B2E30-47DA-43C0-9913-3EC6ADABFF77}.Release|Win32.Build.0 = Release|Win32
		{7D4B2E30-47DA-43C0-9913-3EC6ADABFF77}.Release|x64.ActiveCfg = Release|Win32
		{7D4B2E30-47DA-43C0-9913-3EC6ADABFF77}.Release|x86.ActiveCfg = Release|Win32
		{7D4B2E30-47DA-43C0-9913-3EC6ADABFF77}.Release|x86.Build.0 = Release|Win32
		{B6A2285B-A13C-4940-874E-A6C1CC6F9C95}.Debug|ARM.ActiveCfg = Debug|ARM
		{B6A2285B-A13C-4940-874E-A6C1CC6F9C95}.Debug|ARM.Build.0 = Debug|ARM
		{B6A2285B-A13C-4940-874E-A6C1CC6F9C95}.Debug|Mixed Platforms.ActiveCfg = Debug|x86
		{B6A2285B-A13C-4940-874E-A6C1CC6F9C95}.Debug|Mixed Platforms.Build.0 = Debug|x86
		{B6A2285B-A13C-4940-874E-A6C1CC6F9C95}.Debug|Win32.ActiveCfg = Debug|x86
		{B6A2285B-A13C-4940-874E-A6C1CC6F9C95}.Debug|Win32.Build.0 = Debug|x86
		{B6A2285B-A13C-4940-874E-A6C1CC6F9C95}.Debug|x64.ActiveCfg = Debug|Any CPU
		{B6A2285B-A13C-4940-874E-A6C1CC6F9C95}.Debug|x86.ActiveCfg = Debug|x86
		{B6A2285B-A13C-4940-874E-A6C1CC6F9C95}.Debug|x86.Build.0 = Debug|x86
		{B6A2285B-A13C-4940-874E-A6C1CC6F9C95}.Release|ARM.ActiveCfg = Release|ARM
		{B6A2285B-A13C-4940-874E-A6C1CC6F9C95}.Release|ARM.Build.0 = Release|ARM
		{B6A2285B-A13C-4940-874E-A6C1CC6F9C95}.Release|Mixed Platforms.ActiveCfg = Release|x86
		{B6A2285B-A13C-4940-874E-A6C1CC6F9C95}.Release|Mixed Platforms.Build.0 = Release|x86
		{B6A2285B-A13C-4940-874E-A6C1CC6F9C95}.Release|Win32.ActiveCfg = Release|x86
		{B6A2285B-A13C-4940-874E-A6C1CC6F9C95}.Release|Win32.Build.0 = Release|x86
		{B6A2285B-A13C-4940-874E-A6C1CC6F9C95}.Release|x64.ActiveCfg = Release|Any CPU
		{B6A2285B-A13C-4940-874E-A6C1CC6F9C95}.Release|x86.ActiveCfg = Release|x86
		{B6A2285B-A13C-4940-874E-A6C1CC6F9C95}.Release|x86.Build.0 = Release|x86
		{E959174D-3AA3-427A-83AF-68C1069C0E54}.Debug|ARM.ActiveCfg = Debug|ARM
		{E959174D-3AA3-427A-83AF-68C1069C0E54}.Debug|ARM.Build.0 = Debug|ARM
		{E959174D-3AA3-427A-83AF-68C1069C0E54}.Debug|ARM.Deploy.0 = Debug|ARM
		{E959174D-3AA3-427A-83AF-68C1069C0E54}.Debug|Mixed Platforms.ActiveCfg = Debug|x86
		{E959174D-3AA3-427A-83AF-68C1069C0E54}.Debug|Mixed Platforms.Build.0 = Debug|x86
		{E959174D-3AA3-427A-83AF-68C1069C0E54}.Debug|Mixed Platforms.Deploy.0 = Debug|x86
		{E959174D-3AA3-427A-83AF-68C1069C0E54}.Debug|Win32.ActiveCfg = Debug|x86
		{E959174D-3AA3-427A-83AF-68C1069C0E54}.Debug|Win32.Build.0 = Debug|x86
		{E959174D-3AA3-427A-83AF-68C1069C0E54}.Debug|Win32.Deploy.0 = Debug|x86
		{E959174D-3AA3-427A-83AF-68C1069C0E54}.Debug|x64.ActiveCfg = Debug|Any CPU
		{E959174D-3AA3-427A-83AF-68C1069C0E54}.Debug|x86.ActiveCfg = Debug|x86
		{E959174D-3AA3-427A-83AF-68C1069C0E54}.Debug|x86.Build.0 = Debug|x86
		{E959174D-3AA3-427A-83AF-68C1069C0E54}.Debug|x86.Deploy.0 = Debug|x86
		{E959174D-3AA3-427A-83AF-68C1069C0E54}.Release|ARM.ActiveCfg = Release|ARM
		{E959174D-3AA3-427A-83AF-68C1069C0E54}.Release|ARM.Build.0 = Release|ARM
		{E959174D-3AA3-427A-83AF-68C1069C0E54}.Release|ARM.Deploy.0 = Release|ARM
		{E959174D-3AA3-427A-83AF-68C1069C0E54}.Release|Mixed Platforms.ActiveCfg = Release|x86
		{E959174D-3AA3-427A-83AF-68C1069C0E54}.Release|Mixed Platforms.Build.0 = Release|x86
		{E959174D-3AA3-427A-83AF-68C1069C0E54}.Release|Mixed Platforms.Deploy.0 = Release|x86
		{E959174D-3AA3-427A-83AF-68C1069C0E54}.Release|Win32.ActiveCfg = Release|x86
		{E959174D-3AA3-427A-83AF-68C1069C0E54}.Release|Win32.Build.0 = Release|x86
		{E959174D-3AA3-427A-83AF-68C1069C0E54}.Release|Win32.Deploy.0 = Release|x86
		{E959174D-3AA3-427A-83AF-68C1069C0E54}.Release|x64.ActiveCfg = Release|Any CPU
		{E959174D-3AA3-427A-83AF-68C1069C0E54}.Release|x86.ActiveCfg = Release|x86
		{E959174D-3AA3-427A-83AF-68C1069C0E54}.Release|x86.Build.0 = Release|x86
		{E959174D-3AA3-427A-83AF-68C1069C0E54}.Release|x86.Deploy.0 = Release|x86
		{E2272F21-AE1F-4F8F-B064-991D3C699F35}.Debug|ARM.ActiveCfg = Debug|ARM
		{E2272F21-AE1F-4F8F-B064-991D3C699F35}.Debug|ARM.Build.0 = Debug|ARM
		{E2272F21-AE1F-4F8F-B064-991D3C699F35}.Debug|ARM.Deploy.0 = Debug|ARM
		{E2272F21-AE1F-4F8F-B064-991D3C699F35}.Debug|Mixed Platforms.ActiveCfg = Debug|x86
		{E2272F21-AE1F-4F8F-B064-991D3C699F35}.Debug|Mixed Platforms.Build.0 = Debug|x86
		{E2272F21-AE1F-4F8F-B064-991D3C699F35}.Debug|Mixed Platforms.Deploy.0 = Debug|x86
		{E2272F21-AE1F-4F8F-B064-991D3C699F35}.Debug|Win32.ActiveCfg = Debug|x86
		{E2272F21-AE1F-4F8F-B064-991D3C699F35}.Debug|Win32.Build.0 = Debug|x86
		{E2272F21-AE1F-4F8F-B064-991D3C699F35}.Debug|Win32.Deploy.0 = Debug|x86
		{E2272F21-AE1F-4F8F-B064-991D3C699F35}.Debug|x64.ActiveCfg = Debug|Any CPU
		{E2272F21-AE1F-4F8F-B064-991D3C699F35}.Debug|x86.ActiveCfg = Debug|x86
		{E2272F21-AE1F-4F8F-B064-991D3C699F35}.Debug|x86.Build.0 = Debug|x86
		{E2272F21-AE1F-4F8F-B064-991D3C699F35}.Debug|x86.Deploy.0 = Debug|x86
		{E2272F21-AE1F-4F8F-B064-991D3C699F35}.Release|ARM.ActiveCfg = Release|ARM
		{E2272F21-AE1F-4F8F-B064-991D3C699F35}.Release|ARM.Build.0 = Release|ARM
		{E2272F21-AE1F-4F8F-B064-991D3C699F35}.Release|ARM.Deploy.0 = Release|ARM
		{E2272F21-AE1F-4F8F-B064-991D3C699F35}.Release|Mixed Platforms.ActiveCfg = Release|x86
		{E2272F21-AE1F-4F8F-B064-991D3C699F35}.Release|Mixed Platforms.Build.0 = Release|x86
		{E2272F21-AE1F-4F8F-B064-991D3C699F35}.Release|Mixed Platforms.Deploy.0 = Release|x86
		{E2272F21-AE1F-4F8F-B064-991D3C699F35}.Release|Win32.ActiveCfg = Release|x86
		{E2272F21-AE1F-4F8F-B064-991D3C699F35}.Release|Win32.Build.0 = Release|x86
		{E2272F21-AE1F-4F8F-B064-991D3C699F35}.Release|Win32.Deploy.0 = Release|x86
		{E2272F21-AE1F-4F8F-B064-991D3C699F35}.Release|x64.ActiveCfg = Release|Any CPU
		{E2272F21-AE1F-4F8F-B064-991D3C699F35}.Release|x86.ActiveCfg = Release|x86
		{E2272F21-AE1F-4F8F-B064-991D3C699F35}.Release|x86.Build.0 = Release|x86
		{E2272F21-AE1F-4F8F-B064-991D3C699F35}.Release|x86.Deploy.0 = Release|x86
		{1BDDDB2B-6E62-4D98-AD3F-EA7E109C4205}.Debug|ARM.ActiveCfg = Debug|ARM
		{1BDDDB2B-6E62-4D98-AD3F-EA7E109C4205}.Debug|ARM.Build.0 = Debug|ARM
		{1BDDDB2B-6E62-4D98-AD3F-EA7E109C4205}.Debug|ARM.Deploy.0 = Debug|ARM
		{1BDDDB2B-6E62-4D98-AD3F-EA7E109C4205}.Debug|Mixed Platforms.ActiveCfg = Debug|x86
		{1BDDDB2B-6E62-4D98-AD3F-EA7E109C4205}.Debug|Mixed Platforms.Build.0 = Debug|x86
		{1BDDDB2B-6E62-4D98-AD3F-EA7E109C4205}.Debug|Mixed Platforms.Deploy.0 = Debug|x86
		{1BDDDB2B-6E62-4D98-AD3F-EA7E109C4205}.Debug|Win32.ActiveCfg = Debug|x86
		{1BDDDB2B-6E62-4D98-AD3F-EA7E109C4205}.Debug|Win32.Build.0 = Debug|x86
		{1BDDDB2B-6E62-4D98-AD3F-EA7E109C4205}.Debug|Win32.Deploy.0 = Debug|x86
		{1BDDDB2B-6E62-4D98-AD3F-EA7E109C4205}.Debug|x64.ActiveCfg = Debug|Any CPU
		{1BDDDB2B-6E62-4D98-AD3F-EA7E109C4205}.Debug|x86.ActiveCfg = Debug|x86
		{1BDDDB2B-6E62-4D98-AD3F-EA7E109C4205}.Debug|x86.Build.0 = Debug|x86
		{1BDDDB2B-6E62-4D98-AD3F-EA7E109C4205}.Debug|x86.Deploy.0 = Debug|x86
		{1BDDDB2B-6E62-4D98-AD3F-EA7E109C4205}.Release|ARM.ActiveCfg = Release|ARM
		{1BDDDB2B-6E62-4D98-AD3F-EA7E109C4205}.Release|ARM.Build.0 = Release|ARM
		{1BDDDB2B-6E62-4D98-AD3F-EA7E109C4205}.Release|ARM.Deploy.0 = Release|ARM
		{1BDDDB2B-6E62-4D98-AD3F-EA7E109C4205}.Release|Mixed Platforms.ActiveCfg = Release|x86
		{1BDDDB2B-6E62-4D98-AD3F-EA7E109C4205}.Release|Mixed Platforms.Build.0 = Release|x86
		{1BDDDB2B-6E62-4D98-AD3F-EA7E109C4205}.Release|Mixed Platforms.Deploy.0 = Release|x86
		{1BDDDB2B-6E62-4D98-AD3F-EA7E109C4205}.Release|Win32.ActiveCfg = Release|x86
		{1BDDDB2B-6E62-4D98-AD3F-EA7E109C4205}.Release|Win32.Build.0 = Release|x86
		{1BDDDB2B-6E62-4D98-AD3F-EA7E109C4205}.Release|Win32.Deploy.0 = Release|x86
		{1BDDDB2B-6E62-4D98-AD3F-EA7E109C4205}.Release|x64.ActiveCfg = Release|Any CPU
		{1BDDDB2B-6E62-4D98-AD3F-EA7E109C4205}.Release|x86.ActiveCfg = Release|x86
		{1BDDDB2B-6E62-4D98-AD3F-EA7E109C4205}.Release|x86.Build.0 = Release|x86
		{1BDDDB2B-6E62-4D98-AD3F-EA7E109C4205}.Release|x86.Deploy.0 = Release|x86
		{1C5C16C1-F0BD-4CAB-BFBA-60442E89A8E0}.Debug|ARM.ActiveCfg = Debug|ARM
		{1C5C16C1-F0BD-4CAB-BFBA-60442E89A8E0}.Debug|ARM.Build.0 = Debug|ARM
		{1C5C16C1-F0BD-4CAB-BFBA-60442E89A8E0}.Debug|Mixed Platforms.ActiveCfg = Debug|Win32
		{1C5C16C1-F0BD-4CAB-BFBA-60442E89A8E0}.Debug|Mixed Platforms.Build.0 = Debug|Win32
		{1C5C16C1-F0BD-4CAB-BFBA-60442E89A8E0}.Debug|Win32.ActiveCfg = Debug|Win32
		{1C5C16C1-F0BD-4CAB-BFBA-60442E89A8E0}.Debug|Win32.Build.0 = Debug|Win32
		{1C5C16C1-F0BD-4CAB-BFBA-60442E89A8E0}.Debug|x64.ActiveCfg = Debug|Win32
		{1C5C16C1-F0BD-4CAB-BFBA-60442E89A8E0}.Debug|x86.ActiveCfg = Debug|Win32
		{1C5C16C1-F0BD-4CAB-BFBA-60442E89A8E0}.Debug|x86.Build.0 = Debug|Win32
		{1C5C16C1-F0BD-4CAB-BFBA-60442E89A8E0}.Release|ARM.ActiveCfg = Release|ARM
		{1C5C16C1-F0BD-4CAB-BFBA-60442E89A8E0}.Release|ARM.Build.0 = Release|ARM
		{1C5C16C1-F0BD-4CAB-BFBA-60442E89A8E0}.Release|Mixed Platforms.ActiveCfg = Release|Win32
		{1C5C16C1-F0BD-4CAB-BFBA-60442E89A8E0}.Release|Mixed Platforms.Build.0 = Release|Win32
		{1C5C16C1-F0BD-4CAB-BFBA-60442E89A8E0}.Release|Win32.ActiveCfg = Release|Win32
		{1C5C16C1-F0BD-4CAB-BFBA-60442E89A8E0}.Release|Win32.Build.0 = Release|Win32
		{1C5C16C1-F0BD-4CAB-BFBA-60442E89A8E0}.Release|x64.ActiveCfg = Release|Win32
		{1C5C16C1-F0BD-4CAB-BFBA-60442E89A8E0}.Release|x86.ActiveCfg = Release|Win32
		{1C5C16C1-F0BD-4CAB-BFBA-60442E89A8E0}.Release|x86.Build.0 = Release|Win32
		{FA4980E7-B08F-42A1-9D9F-7044953089C4}.Debug|ARM.ActiveCfg = Debug|ARM
		{FA4980E7-B08F-42A1-9D9F-7044953089C4}.Debug|ARM.Build.0 = Debug|ARM
		{FA4980E7-B08F-42A1-9D9F-7044953089C4}.Debug|Mixed Platforms.ActiveCfg = Debug|x86
		{FA4980E7-B08F-42A1-9D9F-7044953089C4}.Debug|Mixed Platforms.Build.0 = Debug|x86
		{FA4980E7-B08F-42A1-9D9F-7044953089C4}.Debug|Win32.ActiveCfg = Debug|x86
		{FA4980E7-B08F-42A1-9D9F-7044953089C4}.Debug|Win32.Build.0 = Debug|x86
		{FA4980E7-B08F-42A1-9D9F-7044953089C4}.Debug|x64.ActiveCfg = Debug|Any CPU
		{FA4980E7-B08F-42A1-9D9F-7044953089C4}.Debug|x86.ActiveCfg = Debug|x86
		{FA4980E7-B08F-42A1-9D9F-7044953089C4}.Debug|x86.Build.0 = Debug|x86
		{FA4980E7-B08F-42A1-9D9F-7044953089C4}.Release|ARM.ActiveCfg = Release|ARM
		{FA4980E7-B08F-42A1-9D9F-7044953089C4}.Release|ARM.Build.0 = Release|ARM
		{FA4980E7-B08F-42A1-9D9F-7044953089C4}.Release|Mixed Platforms.ActiveCfg = Release|x86
		{FA4980E7-B08F-42A1-9D9F-7044953089C4}.Release|Mixed Platforms.Build.0 = Release|x86
		{FA4980E7-B08F-42A1-9D9F-7044953089C4}.Release|Win32.ActiveCfg = Release|x86
		{FA4980E7-B08F-42A1-9D9F-7044953089C4}.Release|Win32.Build.0 = Release|x86
		{FA4980E7-B08F-42A1-9D9F-7044953089C4}.Release|x64.ActiveCfg = Release|Any CPU
		{FA4980E7-B08F-42A1-9D9F-7044953089C4}.Release|x86.ActiveCfg = Release|x86
		{FA4980E7-B08F-42A1-9D9F-7044953089C4}.Release|x86.Build.0 = Release|x86
		{5720FED7-3C83-4EB3-808E-1D742E2AAEFA}.Debug|ARM.ActiveCfg = Debug|ARM
		{5720FED7-3C83-4EB3-808E-1D742E2AAEFA}.Debug|ARM.Build.0 = Debug|ARM
		{5720FED7-3C83-4EB3-808E-1D742E2AAEFA}.Debug|Mixed Platforms.ActiveCfg = Debug|x86
		{5720FED7-3C83-4EB3-808E-1D742E2AAEFA}.Debug|Mixed Platforms.Build.0 = Debug|x86
		{5720FED7-3C83-4EB3-808E-1D742E2AAEFA}.Debug|Win32.ActiveCfg = Debug|x86
		{5720FED7-3C83-4EB3-808E-1D742E2AAEFA}.Debug|Win32.Build.0 = Debug|x86
		{5720FED7-3C83-4EB3-808E-1D742E2AAEFA}.Debug|x64.ActiveCfg = Debug|Any CPU
		{5720FED7-3C83-4EB3-808E-1D742E2AAEFA}.Debug|x86.ActiveCfg = Debug|x86
		{5720FED7-3C83-4EB3-808E-1D742E2AAEFA}.Debug|x86.Build.0 = Debug|x86
		{5720FED7-3C83-4EB3-808E-1D742E2AAEFA}.Release|ARM.ActiveCfg = Release|ARM
		{5720FED7-3C83-4EB3-808E-1D742E2AAEFA}.Release|ARM.Build.0 = Release|ARM
		{5720FED7-3C83-4EB3-808E-1D742E2AAEFA}.Release|Mixed Platforms.ActiveCfg = Release|x86
		{5720FED7-3C83-4EB3-808E-1D742E2AAEFA}.Release|Mixed Platforms.Build.0 = Release|x86
		{5720FED7-3C83-4EB3-808E-1D742E2AAEFA}.Release|Win32.ActiveCfg = Release|x86
		{5720FED7-3C83-4EB3-808E-1D742E2AAEFA}.Release|Win32.Build.0 = Release|x86
		{5720FED7-3C83-4EB3-808E-1D742E2AAEFA}.Release|x64.ActiveCfg = Release|Any CPU
		{5720FED7-3C83-4EB3-808E-1D742E2AAEFA}.Release|x86.ActiveCfg = Release|x86
		{5720FED7-3C83-4EB3-808E-1D742E2AAEFA}.Release|x86.Build.0 = Release|x86
		{52256F42-1952-42AE-8186-01E44CE53A9C}.Debug|ARM.ActiveCfg = Debug|ARM
		{52256F42-1952-42AE-8186-01E44CE53A9C}.Debug|ARM.Build.0 = Debug|ARM
		{52256F42-1952-42AE-8186-01E44CE53A9C}.Debug|Mixed Platforms.ActiveCfg = Debug|x86
		{52256F42-1952-42AE-8186-01E44CE53A9C}.Debug|Mixed Platforms.Build.0 = Debug|x86
		{52256F42-1952-42AE-8186-01E44CE53A9C}.Debug|Win32.ActiveCfg = Debug|x86
		{52256F42-1952-42AE-8186-01E44CE53A9C}.Debug|Win32.Build.0 = Debug|x86
		{52256F42-1952-42AE-8186-01E44CE53A9C}.Debug|x64.ActiveCfg = Debug|Any CPU
		{52256F42-1952-42AE-8186-01E44CE53A9C}.Debug|x86.ActiveCfg = Debug|x86
		{52256F42-1952-42AE-8186-01E44CE53A9C}.Debug|x86.Build.0 = Debug|x86
		{52256F42-1952-42AE-8186-01E44CE53A9C}.Release|ARM.ActiveCfg = Release|ARM
		{52256F42-1952-42AE-8186-01E44CE53A9C}.Release|ARM.Build.0 = Release|ARM
		{52256F42-1952-42AE-8186-01E44CE53A9C}.Release|Mixed Platforms.ActiveCfg = Release|x86
		{52256F42-1952-42AE-8186-01E44CE53A9C}.Release|Mixed Platforms.Build.0 = Release|x86
		{52256F42-1952-42AE-8186-01E44CE53A9C}.Release|Win32.ActiveCfg = Release|x86
		{52256F42-1952-42AE-8186-01E44CE53A9C}.Release|Win32.Build.0 = Release|x86
		{52256F42-1952-42AE-8186-01E44CE53A9C}.Release|x64.ActiveCfg = Release|Any CPU
		{52256F42-1952-42AE-8186-01E44CE53A9C}.Release|x86.ActiveCfg = Release|x86
		{52256F42-1952-42AE-8186-01E44CE53A9C}.Release|x86.Build.0 = Release|x86
		{0A748EF0-EF48-4931-B8A4-74CD32C84BF5}.Debug|ARM.ActiveCfg = Debug|ARM
		{0A748EF0-EF48-4931-B8A4-74CD32C84BF5}.Debug|ARM.Build.0 = Debug|ARM
		{0A748EF0-EF48-4931-B8A4-74CD32C84BF5}.Debug|Mixed Platforms.ActiveCfg = Debug|x86
		{0A748EF0-EF48-4931-B8A4-74CD32C84BF5}.Debug|Mixed Platforms.Build.0 = Debug|x86
		{0A748EF0-EF48-4931-B8A4-74CD32C84BF5}.Debug|Win32.ActiveCfg = Debug|x86
		{0A748EF0-EF48-4931-B8A4-74CD32C84BF5}.Debug|Win32.Build.0 = Debug|x86
		{0A748EF0-EF48-4931-B8A4-74CD32C84BF5}.Debug|x64.ActiveCfg = Debug|Any CPU
		{0A748EF0-EF48-4931-B8A4-74CD32C84BF5}.Debug|x86.ActiveCfg = Debug|x86
		{0A748EF0-EF48-4931-B8A4-74CD32C84BF5}.Debug|x86.Build.0 = Debug|x86
		{0A748EF0-EF48-4931-B8A4-74CD32C84BF5}.Release|ARM.ActiveCfg = Release|ARM
		{0A748EF0-EF48-4931-B8A4-74CD32C84BF5}.Release|ARM.Build.0 = Release|ARM
		{0A748EF0-EF48-4931-B8A4-74CD32C84BF5}.Release|Mixed Platforms.ActiveCfg = Release|x86
		{0A748EF0-EF48-4931-B8A4-74CD32C84BF5}.Release|Mixed Platforms.Build.0 = Release|x86
		{0A748EF0-EF48-4931-B8A4-74CD32C84BF5}.Release|Win32.ActiveCfg = Release|x86
		{0A748EF0-EF48-4931-B8A4-74CD32C84BF5}.Release|Win32.Build.0 = Release|x86
		{0A748EF0-EF48-4931-B8A4-74CD32C84BF5}.Release|x64.ActiveCfg = Release|Any CPU
		{0A748EF0-EF48-4931-B8A4-74CD32C84BF5}.Release|x86.ActiveCfg = Release|x86
		{0A748EF0-EF48-4931-B8A4-74CD32C84BF5}.Release|x86.Build.0 = Release|x86
		{25FA02C7-DE47-48D3-8FF5-D885779F6167}.Debug|ARM.ActiveCfg = Debug|ARM
		{25FA02C7-DE47-48D3-8FF5-D885779F6167}.Debug|ARM.Build.0 = Debug|ARM
		{25FA02C7-DE47-48D3-8FF5-D885779F6167}.Debug|Mixed Platforms.ActiveCfg = Debug|x86
		{25FA02C7-DE47-48D3-8FF5-D885779F6167}.Debug|Mixed Platforms.Build.0 = Debug|x86
		{25FA02C7-DE47-48D3-8FF5-D885779F6167}.Debug|Win32.ActiveCfg = Debug|x86
		{25FA02C7-DE47-48D3-8FF5-D885779F6167}.Debug|Win32.Build.0 = Debug|x86
		{25FA02C7-DE47-48D3-8FF5-D885779F6167}.Debug|x64.ActiveCfg = Debug|Any CPU
		{25FA02C7-DE47-48D3-8FF5-D885779F6167}.Debug|x86.ActiveCfg = Debug|x86
		{25FA02C7-DE47-48D3-8FF5-D885779F6167}.Debug|x86.Build.0 = Debug|x86
		{25FA02C7-DE47-48D3-8FF5-D885779F6167}.Release|ARM.ActiveCfg = Release|ARM
		{25FA02C7-DE47-48D3-8FF5-D885779F6167}.Release|ARM.Build.0 = Release|ARM
		{25FA02C7-DE47-48D3-8FF5-D885779F6167}.Release|Mixed Platforms.ActiveCfg = Release|x86
		{25FA02C7-DE47-48D3-8FF5-D885779F6167}.Release|Mixed Platforms.Build.0 = Release|x86
		{25FA02C7-DE47-48D3-8FF5-D885779F6167}.Release|Win32.ActiveCfg = Release|x86
		{25FA02C7-DE47-48D3-8FF5-D885779F6167}.Release|Win32.Build.0 = Release|x86
		{25FA02C7-DE47-48D3-8FF5-D885779F6167}.Release|x64.ActiveCfg = Release|Any CPU
		{25FA02C7-DE47-48D3-8FF5-D885779F6167}.Release|x86.ActiveCfg = Release|x86
		{25FA02C7-DE47-48D3-8FF5-D885779F6167}.Release|x86.Build.0 = Release|x86
		{627240A5-28BC-40D7-AA0D-225B55452270}.Debug|ARM.ActiveCfg = Debug|ARM
		{627240A5-28BC-40D7-AA0D-225B55452270}.Debug|ARM.Build.0 = Debug|ARM
		{627240A5-28BC-40D7-AA0D-225B55452270}.Debug|ARM.Deploy.0 = Debug|ARM
		{627240A5-28BC-40D7-AA0D-225B55452270}.Debug|Mixed Platforms.ActiveCfg = Debug|x86
		{627240A5-28BC-40D7-AA0D-225B55452270}.Debug|Mixed Platforms.Build.0 = Debug|x86
		{627240A5-28BC-40D7-AA0D-225B55452270}.Debug|Mixed Platforms.Deploy.0 = Debug|x86
		{627240A5-28BC-40D7-AA0D-225B55452270}.Debug|Win32.ActiveCfg = Debug|x86
		{627240A5-28BC-40D7-AA0D-225B55452270}.Debug|Win32.Build.0 = Debug|x86
		{627240A5-28BC-40D7-AA0D-225B55452270}.Debug|Win32.Deploy.0 = Debug|x86
		{627240A5-28BC-40D7-AA0D-225B55452270}.Debug|x64.ActiveCfg = Debug|x64
		{627240A5-28BC-40D7-AA0D-225B55452270}.Debug|x64.Build.0 = Debug|x64
		{627240A5-28BC-40D7-AA0D-225B55452270}.Debug|x64.Deploy.0 = Debug|x64
		{627240A5-28BC-40D7-AA0D-225B55452270}.Debug|x86.ActiveCfg = Debug|x86
		{627240A5-28BC-40D7-AA0D-225B55452270}.Debug|x86.Build.0 = Debug|x86
		{627240A5-28BC-40D7-AA0D-225B55452270}.Debug|x86.Deploy.0 = Debug|x86
		{627240A5-28BC-40D7-AA0D-225B55452270}.Release|ARM.ActiveCfg = Release|ARM
		{627240A5-28BC-40D7-AA0D-225B55452270}.Release|ARM.Build.0 = Release|ARM
		{627240A5-28BC-40D7-AA0D-225B55452270}.Release|ARM.Deploy.0 = Release|ARM
		{627240A5-28BC-40D7-AA0D-225B55452270}.Release|Mixed Platforms.ActiveCfg = Release|x86
		{627240A5-28BC-40D7-AA0D-225B55452270}.Release|Mixed Platforms.Build.0 = Release|x86
		{627240A5-28BC-40D7-AA0D-225B55452270}.Release|Mixed Platforms.Deploy.0 = Release|x86
		{627240A5-28BC-40D7-AA0D-225B55452270}.Release|Win32.ActiveCfg = Release|x86
		{627240A5-28BC-40D7-AA0D-225B55452270}.Release|Win32.Build.0 = Release|x86
		{627240A5-28BC-40D7-AA0D-225B55452270}.Release|Win32.Deploy.0 = Release|x86
		{627240A5-28BC-40D7-AA0D-225B55452270}.Release|x64.ActiveCfg = Release|x64
		{627240A5-28BC-40D7-AA0D-225B55452270}.Release|x64.Build.0 = Release|x64
		{627240A5-28BC-40D7-AA0D-225B55452270}.Release|x64.Deploy.0 = Release|x64
		{627240A5-28BC-40D7-AA0D-225B55452270}.Release|x86.ActiveCfg = Release|x86
		{627240A5-28BC-40D7-AA0D-225B55452270}.Release|x86.Build.0 = Release|x86
		{627240A5-28BC-40D7-AA0D-225B55452270}.Release|x86.Deploy.0 = Release|x86
		{A2F51990-D692-44BE-9289-80CC68CCAC59}.Debug|ARM.ActiveCfg = Debug|ARM
		{A2F51990-D692-44BE-9289-80CC68CCAC59}.Debug|ARM.Build.0 = Debug|ARM
		{A2F51990-D692-44BE-9289-80CC68CCAC59}.Debug|Mixed Platforms.ActiveCfg = Debug|x86
		{A2F51990-D692-44BE-9289-80CC68CCAC59}.Debug|Mixed Platforms.Build.0 = Debug|x86
		{A2F51990-D692-44BE-9289-80CC68CCAC59}.Debug|Win32.ActiveCfg = Debug|x86
		{A2F51990-D692-44BE-9289-80CC68CCAC59}.Debug|Win32.Build.0 = Debug|x86
		{A2F51990-D692-44BE-9289-80CC68CCAC59}.Debug|x64.ActiveCfg = Debug|x64
		{A2F51990-D692-44BE-9289-80CC68CCAC59}.Debug|x64.Build.0 = Debug|x64
		{A2F51990-D692-44BE-9289-80CC68CCAC59}.Debug|x86.ActiveCfg = Debug|x86
		{A2F51990-D692-44BE-9289-80CC68CCAC59}.Debug|x86.Build.0 = Debug|x86
		{A2F51990-D692-44BE-9289-80CC68CCAC59}.Release|ARM.ActiveCfg = Release|ARM
		{A2F51990-D692-44BE-9289-80CC68CCAC59}.Release|ARM.Build.0 = Release|ARM
		{A2F51990-D692-44BE-9289-80CC68CCAC59}.Release|Mixed Platforms.ActiveCfg = Release|x86
		{A2F51990-D692-44BE-9289-80CC68CCAC59}.Release|Mixed Platforms.Build.0 = Release|x86
		{A2F51990-D692-44BE-9289-80CC68CCAC59}.Release|Win32.ActiveCfg = Release|x86
		{A2F51990-D692-44BE-9289-80CC68CCAC59}.Release|Win32.Build.0 = Release|x86
		{A2F51990-D692-44BE-9289-80CC68CCAC59}.Release|x64.ActiveCfg = Release|x64
		{A2F51990-D692-44BE-9289-80CC68CCAC59}.Release|x64.Build.0 = Release|x64
		{A2F51990-D692-44BE-9289-80CC68CCAC59}.Release|x86.ActiveCfg = Release|x86
		{A2F51990-D692-44BE-9289-80CC68CCAC59}.Release|x86.Build.0 = Release|x86
		{0FD93F86-43FD-46EB-AFD1-98FADD670C57}.Debug|ARM.ActiveCfg = Debug|ARM
		{0FD93F86-43FD-46EB-AFD1-98FADD670C57}.Debug|ARM.Build.0 = Debug|ARM
		{0FD93F86-43FD-46EB-AFD1-98FADD670C57}.Debug|Mixed Platforms.ActiveCfg = Debug|x86
		{0FD93F86-43FD-46EB-AFD1-98FADD670C57}.Debug|Mixed Platforms.Build.0 = Debug|x86
		{0FD93F86-43FD-46EB-AFD1-98FADD670C57}.Debug|Win32.ActiveCfg = Debug|x86
		{0FD93F86-43FD-46EB-AFD1-98FADD670C57}.Debug|Win32.Build.0 = Debug|x86
		{0FD93F86-43FD-46EB-AFD1-98FADD670C57}.Debug|x64.ActiveCfg = Debug|x64
		{0FD93F86-43FD-46EB-AFD1-98FADD670C57}.Debug|x64.Build.0 = Debug|x64
		{0FD93F86-43FD-46EB-AFD1-98FADD670C57}.Debug|x86.ActiveCfg = Debug|x86
		{0FD93F86-43FD-46EB-AFD1-98FADD670C57}.Debug|x86.Build.0 = Debug|x86
		{0FD93F86-43FD-46EB-AFD1-98FADD670C57}.Release|ARM.ActiveCfg = Release|ARM
		{0FD93F86-43FD-46EB-AFD1-98FADD670C57}.Release|ARM.Build.0 = Release|ARM
		{0FD93F86-43FD-46EB-AFD1-98FADD670C57}.Release|Mixed Platforms.ActiveCfg = Release|x86
		{0FD93F86-43FD-46EB-AFD1-98FADD670C57}.Release|Mixed Platforms.Build.0 = Release|x86
		{0FD93F86-43FD-46EB-AFD1-98FADD670C57}.Release|Win32.ActiveCfg = Release|x86
		{0FD93F86-43FD-46EB-AFD1-98FADD670C57}.Release|Win32.Build.0 = Release|x86
		{0FD93F86-43FD-46EB-AFD1-98FADD670C57}.Release|x64.ActiveCfg = Release|x64
		{0FD93F86-43FD-46EB-AFD1-98FADD670C57}.Release|x64.Build.0 = Release|x64
		{0FD93F86-43FD-46EB-AFD1-98FADD670C57}.Release|x86.ActiveCfg = Release|x86
		{0FD93F86-43FD-46EB-AFD1-98FADD670C57}.Release|x86.Build.0 = Release|x86
		{6663A50D-D69D-418C-B555-ADEFC319D72D}.Debug|ARM.ActiveCfg = Debug|ARM
		{6663A50D-D69D-418C-B555-ADEFC319D72D}.Debug|ARM.Build.0 = Debug|ARM
		{6663A50D-D69D-418C-B555-ADEFC319D72D}.Debug|Mixed Platforms.ActiveCfg = Debug|x86
		{6663A50D-D69D-418C-B555-ADEFC319D72D}.Debug|Mixed Platforms.Build.0 = Debug|x86
		{6663A50D-D69D-418C-B555-ADEFC319D72D}.Debug|Win32.ActiveCfg = Debug|x86
		{6663A50D-D69D-418C-B555-ADEFC319D72D}.Debug|Win32.Build.0 = Debug|x86
		{6663A50D-D69D-418C-B555-ADEFC319D72D}.Debug|x64.ActiveCfg = Debug|x64
		{6663A50D-D69D-418C-B555-ADEFC319D72D}.Debug|x64.Build.0 = Debug|x64
		{6663A50D-D69D-418C-B555-ADEFC319D72D}.Debug|x86.ActiveCfg = Debug|x86
		{6663A50D-D69D-418C-B555-ADEFC319D72D}.Debug|x86.Build.0 = Debug|x86
		{6663A50D-D69D-418C-B555-ADEFC319D72D}.Release|ARM.ActiveCfg = Release|ARM
		{6663A50D-D69D-418C-B555-ADEFC319D72D}.Release|ARM.Build.0 = Release|ARM
		{6663A50D-D69D-418C-B555-ADEFC319D72D}.Release|Mixed Platforms.ActiveCfg = Release|x86
		{6663A50D-D69D-418C-B555-ADEFC319D72D}.Release|Mixed Platforms.Build.0 = Release|x86
		{6663A50D-D69D-418C-B555-ADEFC319D72D}.Release|Win32.ActiveCfg = Release|x86
		{6663A50D-D69D-418C-B555-ADEFC319D72D}.Release|Win32.Build.0 = Release|x86
		{6663A50D-D69D-418C-B555-ADEFC319D72D}.Release|x64.ActiveCfg = Release|x64
		{6663A50D-D69D-418C-B555-ADEFC319D72D}.Release|x64.Build.0 = Release|x64
		{6663A50D-D69D-418C-B555-ADEFC319D72D}.Release|x86.ActiveCfg = Release|x86
		{6663A50D-D69D-418C-B555-ADEFC319D72D}.Release|x86.Build.0 = Release|x86
		{EA02C48A-4A69-4C3D-BD86-4F9526F404CD}.Debug|ARM.ActiveCfg = Debug|ARM
		{EA02C48A-4A69-4C3D-BD86-4F9526F404CD}.Debug|ARM.Build.0 = Debug|ARM
		{EA02C48A-4A69-4C3D-BD86-4F9526F404CD}.Debug|Mixed Platforms.ActiveCfg = Debug|x86
		{EA02C48A-4A69-4C3D-BD86-4F9526F404CD}.Debug|Mixed Platforms.Build.0 = Debug|x86
		{EA02C48A-4A69-4C3D-BD86-4F9526F404CD}.Debug|Win32.ActiveCfg = Debug|x86
		{EA02C48A-4A69-4C3D-BD86-4F9526F404CD}.Debug|Win32.Build.0 = Debug|x86
		{EA02C48A-4A69-4C3D-BD86-4F9526F404CD}.Debug|x64.ActiveCfg = Debug|x64
		{EA02C48A-4A69-4C3D-BD86-4F9526F404CD}.Debug|x64.Build.0 = Debug|x64
		{EA02C48A-4A69-4C3D-BD86-4F9526F404CD}.Debug|x86.ActiveCfg = Debug|x86
		{EA02C48A-4A69-4C3D-BD86-4F9526F404CD}.Debug|x86.Build.0 = Debug|x86
		{EA02C48A-4A69-4C3D-BD86-4F9526F404CD}.Release|ARM.ActiveCfg = Release|ARM
		{EA02C48A-4A69-4C3D-BD86-4F9526F404CD}.Release|ARM.Build.0 = Release|ARM
		{EA02C48A-4A69-4C3D-BD86-4F9526F404CD}.Release|Mixed Platforms.ActiveCfg = Release|x86
		{EA02C48A-4A69-4C3D-BD86-4F9526F404CD}.Release|Mixed Platforms.Build.0 = Release|x86
		{EA02C48A-4A69-4C3D-BD86-4F9526F404CD}.Release|Win32.ActiveCfg = Release|x86
		{EA02C48A-4A69-4C3D-BD86-4F9526F404CD}.Release|Win32.Build.0 = Release|x86
		{EA02C48A-4A69-4C3D-BD86-4F9526F404CD}.Release|x64.ActiveCfg = Release|x64
		{EA02C48A-4A69-4C3D-BD86-4F9526F404CD}.Release|x64.Build.0 = Release|x64
		{EA02C48A-4A69-4C3D-BD86-4F9526F404CD}.Release|x86.ActiveCfg = Release|x86
		{EA02C48A-4A69-4C3D-BD86-4F9526F404CD}.Release|x86.Build.0 = Release|x86
		{F0CE1619-E0BD-44BA-810D-7CBDC5C4D43C}.Debug|ARM.ActiveCfg = Debug|ARM
		{F0CE1619-E0BD-44BA-810D-7CBDC5C4D43C}.Debug|ARM.Build.0 = Debug|ARM
		{F0CE1619-E0BD-44BA-810D-7CBDC5C4D43C}.Debug|Mixed Platforms.ActiveCfg = Debug|Win32
		{F0CE1619-E0BD-44BA-810D-7CBDC5C4D43C}.Debug|Mixed Platforms.Build.0 = Debug|Win32
		{F0CE1619-E0BD-44BA-810D-7CBDC5C4D43C}.Debug|Win32.ActiveCfg = Debug|Win32
		{F0CE1619-E0BD-44BA-810D-7CBDC5C4D43C}.Debug|Win32.Build.0 = Debug|Win32
		{F0CE1619-E0BD-44BA-810D-7CBDC5C4D43C}.Debug|x64.ActiveCfg = Debug|x64
		{F0CE1619-E0BD-44BA-810D-7CBDC5C4D43C}.Debug|x64.Build.0 = Debug|x64
		{F0CE1619-E0BD-44BA-810D-7CBDC5C4D43C}.Debug|x86.ActiveCfg = Debug|Win32
		{F0CE1619-E0BD-44BA-810D-7CBDC5C4D43C}.Debug|x86.Build.0 = Debug|Win32
		{F0CE1619-E0BD-44BA-810D-7CBDC5C4D43C}.Release|ARM.ActiveCfg = Release|ARM
		{F0CE1619-E0BD-44BA-810D-7CBDC5C4D43C}.Release|ARM.Build.0 = Release|ARM
		{F0CE1619-E0BD-44BA-810D-7CBDC5C4D43C}.Release|Mixed Platforms.ActiveCfg = Release|Win32
		{F0CE1619-E0BD-44BA-810D-7CBDC5C4D43C}.Release|Mixed Platforms.Build.0 = Release|Win32
		{F0CE1619-E0BD-44BA-810D-7CBDC5C4D43C}.Release|Win32.ActiveCfg = Release|Win32
		{F0CE1619-E0BD-44BA-810D-7CBDC5C4D43C}.Release|Win32.Build.0 = Release|Win32
		{F0CE1619-E0BD-44BA-810D-7CBDC5C4D43C}.Release|x64.ActiveCfg = Release|x64
		{F0CE1619-E0BD-44BA-810D-7CBDC5C4D43C}.Release|x64.Build.0 = Release|x64
		{F0CE1619-E0BD-44BA-810D-7CBDC5C4D43C}.Release|x86.ActiveCfg = Release|Win32
		{F0CE1619-E0BD-44BA-810D-7CBDC5C4D43C}.Release|x86.Build.0 = Release|Win32
		{72D68A4E-B43F-430B-B874-DECE6E3E1AFE}.Debug|ARM.ActiveCfg = Debug|ARM
		{72D68A4E-B43F-430B-B874-DECE6E3E1AFE}.Debug|ARM.Build.0 = Debug|ARM
		{72D68A4E-B43F-430B-B874-DECE6E3E1AFE}.Debug|Mixed Platforms.ActiveCfg = Debug|Win32
		{72D68A4E-B43F-430B-B874-DECE6E3E1AFE}.Debug|Mixed Platforms.Build.0 = Debug|Win32
		{72D68A4E-B43F-430B-B874-DECE6E3E1AFE}.Debug|Win32.ActiveCfg = Debug|Win32
		{72D68A4E-B43F-430B-B874-DECE6E3E1AFE}.Debug|Win32.Build.0 = Debug|Win32
		{72D68A4E-B43F-430B-B874-DECE6E3E1AFE}.Debug|x64.ActiveCfg = Debug|x64
		{72D68A4E-B43F-430B-B874-DECE6E3E1AFE}.Debug|x64.Build.0 = Debug|x64
		{72D68A4E-B43F-430B-B874-DECE6E3E1AFE}.Debug|x86.ActiveCfg = Debug|Win32
		{72D68A4E-B43F-430B-B874-DECE6E3E1AFE}.Debug|x86.Build.0 = Debug|Win32
		{72D68A4E-B43F-430B-B874-DECE6E3E1AFE}.Release|ARM.ActiveCfg = Release|ARM
		{72D68A4E-B43F-430B-B874-DECE6E3E1AFE}.Release|ARM.Build.0 = Release|ARM
		{72D68A4E-B43F-430B-B874-DECE6E3E1AFE}.Release|Mixed Platforms.ActiveCfg = Release|Win32
		{72D68A4E-B43F-430B-B874-DECE6E3E1AFE}.Release|Mixed Platforms.Build.0 = Release|Win32
		{72D68A4E-B43F-430B-B874-DECE6E3E1AFE}.Release|Win32.ActiveCfg = Release|Win32
		{72D68A4E-B43F-430B-B874-DECE6E3E1AFE}.Release|Win32.Build.0 = Release|Win32
		{72D68A4E-B43F-430B-B874-DECE6E3E1AFE}.Release|x64.ActiveCfg = Release|x64
		{72D68A4E-B43F-430B-B874-DECE6E3E1AFE}.Release|x64.Build.0 = Release|x64
		{72D68A4E-B43F-430B-B874-DECE6E3E1AFE}.Release|x86.ActiveCfg = Release|Win32
		{72D68A4E-B43F-430B-B874-DECE6E3E1AFE}.Release|x86.Build.0 = Release|Win32
		{467FB189-F04C-449A-BDA3-590D6206BD0F}.Debug|ARM.ActiveCfg = Debug|ARM
		{467FB189-F04C-449A-BDA3-590D6206BD0F}.Debug|ARM.Build.0 = Debug|ARM
		{467FB189-F04C-449A-BDA3-590D6206BD0F}.Debug|Mixed Platforms.ActiveCfg = Debug|x86
		{467FB189-F04C-449A-BDA3-590D6206BD0F}.Debug|Mixed Platforms.Build.0 = Debug|x86
		{467FB189-F04C-449A-BDA3-590D6206BD0F}.Debug|Win32.ActiveCfg = Debug|x86
		{467FB189-F04C-449A-BDA3-590D6206BD0F}.Debug|Win32.Build.0 = Debug|x86
		{467FB189-F04C-449A-BDA3-590D6206BD0F}.Debug|x64.ActiveCfg = Debug|Any CPU
		{467FB189-F04C-449A-BDA3-590D6206BD0F}.Debug|x64.Build.0 = Debug|Any CPU
		{467FB189-F04C-449A-BDA3-590D6206BD0F}.Debug|x86.ActiveCfg = Debug|x86
		{467FB189-F04C-449A-BDA3-590D6206BD0F}.Debug|x86.Build.0 = Debug|x86
		{467FB189-F04C-449A-BDA3-590D6206BD0F}.Release|ARM.ActiveCfg = Release|ARM
		{467FB189-F04C-449A-BDA3-590D6206BD0F}.Release|ARM.Build.0 = Release|ARM
		{467FB189-F04C-449A-BDA3-590D6206BD0F}.Release|Mixed Platforms.ActiveCfg = Release|x86
		{467FB189-F04C-449A-BDA3-590D6206BD0F}.Release|Mixed Platforms.Build.0 = Release|x86
		{467FB189-F04C-449A-BDA3-590D6206BD0F}.Release|Win32.ActiveCfg = Release|x86
		{467FB189-F04C-449A-BDA3-590D6206BD0F}.Release|Win32.Build.0 = Release|x86
		{467FB189-F04C-449A-BDA3-590D6206BD0F}.Release|x64.ActiveCfg = Release|Any CPU
		{467FB189-F04C-449A-BDA3-590D6206BD0F}.Release|x64.Build.0 = Release|Any CPU
		{467FB189-F04C-449A-BDA3-590D6206BD0F}.Release|x86.ActiveCfg = Release|x86
		{467FB189-F04C-449A-BDA3-590D6206BD0F}.Release|x86.Build.0 = Release|x86
		{9CFA3B3E-B7AF-4629-84E2-C962C5B046B1}.Debug|ARM.ActiveCfg = Debug|ARM
		{9CFA3B3E-B7AF-4629-84E2-C962C5B046B1}.Debug|ARM.Build.0 = Debug|ARM
		{9CFA3B3E-B7AF-4629-84E2-C962C5B046B1}.Debug|Mixed Platforms.ActiveCfg = Debug|Win32
		{9CFA3B3E-B7AF-4629-84E2-C962C5B046B1}.Debug|Mixed Platforms.Build.0 = Debug|Win32
		{9CFA3B3E-B7AF-4629-84E2-C962C5B046B1}.Debug|Win32.ActiveCfg = Debug|Win32
		{9CFA3B3E-B7AF-4629-84E2-C962C5B046B1}.Debug|Win32.Build.0 = Debug|Win32
		{9CFA3B3E-B7AF-4629-84E2-C962C5B046B1}.Debug|x64.ActiveCfg = Debug|x64
		{9CFA3B3E-B7AF-4629-84E2-C962C5B046B1}.Debug|x64.Build.0 = Debug|x64
		{9CFA3B3E-B7AF-4629-84E2-C962C5B046B1}.Debug|x86.ActiveCfg = Debug|Win32
		{9CFA3B3E-B7AF-4629-84E2-C962C5B046B1}.Debug|x86.Build.0 = Debug|Win32
		{9CFA3B3E-B7AF-4629-84E2-C962C5B046B1}.Release|ARM.ActiveCfg = Release|ARM
		{9CFA3B3E-B7AF-4629-84E2-C962C5B046B1}.Release|ARM.Build.0 = Release|ARM
		{9CFA3B3E-B7AF-4629-84E2-C962C5B046B1}.Release|Mixed Platforms.ActiveCfg = Release|Win32
		{9CFA3B3E-B7AF-4629-84E2-C962C5B046B1}.Release|Mixed Platforms.Build.0 = Release|Win32
		{9CFA3B3E-B7AF-4629-84E2-C962C5B046B1}.Release|Win32.ActiveCfg = Release|Win32
		{9CFA3B3E-B7AF-4629-84E2-C962C5B046B1}.Release|Win32.Build.0 = Release|Win32
		{9CFA3B3E-B7AF-4629-84E2-C962C5B046B1}.Release|x64.ActiveCfg = Release|x64
		{9CFA3B3E-B7AF-4629-84E2-C962C5B046B1}.Release|x64.Build.0 = Release|x64
		{9CFA3B3E-B7AF-4629-84E2-C962C5B046B1}.Release|x86.ActiveCfg = Release|Win32
		{9CFA3B3E-B7AF-4629-84E2-C962C5B046B1}.Release|x86.Build.0 = Release|Win32
		{647128A5-E4A9-4E89-8A28-9534E560AFE9}.Debug|ARM.ActiveCfg = Debug|ARM
		{647128A5-E4A9-4E89-8A28-9534E560AFE9}.Debug|ARM.Build.0 = Debug|ARM
		{647128A5-E4A9-4E89-8A28-9534E560AFE9}.Debug|Mixed Platforms.ActiveCfg = Debug|x86
		{647128A5-E4A9-4E89-8A28-9534E560AFE9}.Debug|Mixed Platforms.Build.0 = Debug|x86
		{647128A5-E4A9-4E89-8A28-9534E560AFE9}.Debug|Win32.ActiveCfg = Debug|x86
		{647128A5-E4A9-4E89-8A28-9534E560AFE9}.Debug|Win32.Build.0 = Debug|x86
		{647128A5-E4A9-4E89-8A28-9534E560AFE9}.Debug|x64.ActiveCfg = Debug|x64
		{647128A5-E4A9-4E89-8A28-9534E560AFE9}.Debug|x64.Build.0 = Debug|x64
		{647128A5-E4A9-4E89-8A28-9534E560AFE9}.Debug|x86.ActiveCfg = Debug|x86
		{647128A5-E4A9-4E89-8A28-9534E560AFE9}.Debug|x86.Build.0 = Debug|x86
		{647128A5-E4A9-4E89-8A28-9534E560AFE9}.Release|ARM.ActiveCfg = Release|ARM
		{647128A5-E4A9-4E89-8A28-9534E560AFE9}.Release|ARM.Build.0 = Release|ARM
		{647128A5-E4A9-4E89-8A28-9534E560AFE9}.Release|Mixed Platforms.ActiveCfg = Release|x86
		{647128A5-E4A9-4E89-8A28-9534E560AFE9}.Release|Mixed Platforms.Build.0 = Release|x86
		{647128A5-E4A9-4E89-8A28-9534E560AFE9}.Release|Win32.ActiveCfg = Release|x86
		{647128A5-E4A9-4E89-8A28-9534E560AFE9}.Release|Win32.Build.0 = Release|x86
		{647128A5-E4A9-4E89-8A28-9534E560AFE9}.Release|x64.ActiveCfg = Release|x64
		{647128A5-E4A9-4E89-8A28-9534E560AFE9}.Release|x64.Build.0 = Release|x64
		{647128A5-E4A9-4E89-8A28-9534E560AFE9}.Release|x86.ActiveCfg = Release|x86
		{647128A5-E4A9-4E89-8A28-9534E560AFE9}.Release|x86.Build.0 = Release|x86
		{46C483E2-308A-463D-9D4C-C0EB122CC72D}.Debug|ARM.ActiveCfg = Debug|ARM
		{46C483E2-308A-463D-9D4C-C0EB122CC72D}.Debug|ARM.Build.0 = Debug|ARM
		{46C483E2-308A-463D-9D4C-C0EB122CC72D}.Debug|Mixed Platforms.ActiveCfg = Debug|Win32
		{46C483E2-308A-463D-9D4C-C0EB122CC72D}.Debug|Mixed Platforms.Build.0 = Debug|Win32
		{46C483E2-308A-463D-9D4C-C0EB122CC72D}.Debug|Win32.ActiveCfg = Debug|Win32
		{46C483E2-308A-463D-9D4C-C0EB122CC72D}.Debug|Win32.Build.0 = Debug|Win32
		{46C483E2-308A-463D-9D4C-C0EB122CC72D}.Debug|x64.ActiveCfg = Debug|x64
		{46C483E2-308A-463D-9D4C-C0EB122CC72D}.Debug|x64.Build.0 = Debug|x64
		{46C483E2-308A-463D-9D4C-C0EB122CC72D}.Debug|x86.ActiveCfg = Debug|Win32
		{46C483E2-308A-463D-9D4C-C0EB122CC72D}.Debug|x86.Build.0 = Debug|Win32
		{46C483E2-308A-463D-9D4C-C0EB122CC72D}.Release|ARM.ActiveCfg = Release|ARM
		{46C483E2-308A-463D-9D4C-C0EB122CC72D}.Release|ARM.Build.0 = Release|ARM
		{46C483E2-308A-463D-9D4C-C0EB122CC72D}.Release|Mixed Platforms.ActiveCfg = Release|Win32
		{46C483E2-308A-463D-9D4C-C0EB122CC72D}.Release|Mixed Platforms.Build.0 = Release|Win32
		{46C483E2-308A-463D-9D4C-C0EB122CC72D}.Release|Win32.ActiveCfg = Release|Win32
		{46C483E2-308A-463D-9D4C-C0EB122CC72D}.Release|Win32.Build.0 = Release|Win32
		{46C483E2-308A-463D-9D4C-C0EB122CC72D}.Release|x64.ActiveCfg = Release|x64
		{46C483E2-308A-463D-9D4C-C0EB122CC72D}.Release|x64.Build.0 = Release|x64
		{46C483E2-308A-463D-9D4C-C0EB122CC72D}.Release|x86.ActiveCfg = Release|Win32
		{46C483E2-308A-463D-9D4C-C0EB122CC72D}.Release|x86.Build.0 = Release|Win32
		{0B076E94-8248-47F7-843C-25EEC0287A84}.Debug|ARM.ActiveCfg = Debug|ARM
		{0B076E94-8248-47F7-843C-25EEC0287A84}.Debug|ARM.Build.0 = Debug|ARM
		{0B076E94-8248-47F7-843C-25EEC0287A84}.Debug|Mixed Platforms.ActiveCfg = Debug|x86
		{0B076E94-8248-47F7-843C-25EEC0287A84}.Debug|Mixed Platforms.Build.0 = Debug|x86
		{0B076E94-8248-47F7-843C-25EEC0287A84}.Debug|Win32.ActiveCfg = Debug|x86
		{0B076E94-8248-47F7-843C-25EEC0287A84}.Debug|Win32.Build.0 = Debug|x86
		{0B076E94-8248-47F7-843C-25EEC0287A84}.Debug|x64.ActiveCfg = Debug|x64
		{0B076E94-8248-47F7-843C-25EEC0287A84}.Debug|x64.Build.0 = Debug|x64
		{0B076E94-8248-47F7-843C-25EEC0287A84}.Debug|x86.ActiveCfg = Debug|x86
		{0B076E94-8248-47F7-843C-25EEC0287A84}.Debug|x86.Build.0 = Debug|x86
		{0B076E94-8248-47F7-843C-25EEC0287A84}.Release|ARM.ActiveCfg = Release|ARM
		{0B076E94-8248-47F7-843C-25EEC0287A84}.Release|ARM.Build.0 = Release|ARM
		{0B076E94-8248-47F7-843C-25EEC0287A84}.Release|Mixed Platforms.ActiveCfg = Release|x86
		{0B076E94-8248-47F7-843C-25EEC0287A84}.Release|Mixed Platforms.Build.0 = Release|x86
		{0B076E94-8248-47F7-843C-25EEC0287A84}.Release|Win32.ActiveCfg = Release|x86
		{0B076E94-8248-47F7-843C-25EEC0287A84}.Release|Win32.Build.0 = Release|x86
		{0B076E94-8248-47F7-843C-25EEC0287A84}.Release|x64.ActiveCfg = Release|x64
		{0B076E94-8248-47F7-843C-25EEC0287A84}.Release|x64.Build.0 = Release|x64
		{0B076E94-8248-47F7-843C-25EEC0287A84}.Release|x86.ActiveCfg = Release|x86
		{0B076E94-8248-47F7-843C-25EEC0287A84}.Release|x86.Build.0 = Release|x86
		{8DACEFE6-7C20-42B2-A427-39FC2D66FF1A}.Debug|ARM.ActiveCfg = Debug|ARM
		{8DACEFE6-7C20-42B2-A427-39FC2D66FF1A}.Debug|ARM.Build.0 = Debug|ARM
		{8DACEFE6-7C20-42B2-A427-39FC2D66FF1A}.Debug|Mixed Platforms.ActiveCfg = Debug|x86
		{8DACEFE6-7C20-42B2-A427-39FC2D66FF1A}.Debug|Mixed Platforms.Build.0 = Debug|x86
		{8DACEFE6-7C20-42B2-A427-39FC2D66FF1A}.Debug|Win32.ActiveCfg = Debug|x86
		{8DACEFE6-7C20-42B2-A427-39FC2D66FF1A}.Debug|Win32.Build.0 = Debug|x86
		{8DACEFE6-7C20-42B2-A427-39FC2D66FF1A}.Debug|x64.ActiveCfg = Debug|x64
		{8DACEFE6-7C20-42B2-A427-39FC2D66FF1A}.Debug|x64.Build.0 = Debug|x64
		{8DACEFE6-7C20-42B2-A427-39FC2D66FF1A}.Debug|x86.ActiveCfg = Debug|x86
		{8DACEFE6-7C20-42B2-A427-39FC2D66FF1A}.Debug|x86.Build.0 = Debug|x86
		{8DACEFE6-7C20-42B2-A427-39FC2D66FF1A}.Release|ARM.ActiveCfg = Release|ARM
		{8DACEFE6-7C20-42B2-A427-39FC2D66FF1A}.Release|ARM.Build.0 = Release|ARM
		{8DACEFE6-7C20-42B2-A427-39FC2D66FF1A}.Release|Mixed Platforms.ActiveCfg = Release|x86
		{8DACEFE6-7C20-42B2-A427-39FC2D66FF1A}.Release|Mixed Platforms.Build.0 = Release|x86
		{8DACEFE6-7C20-42B2-A427-39FC2D66FF1A}.Release|Win32.ActiveCfg = Release|x86
		{8DACEFE6-7C20-42B2-A427-39FC2D66FF1A}.Release|Win32.Build.0 = Release|x86
		{8DACEFE6-7C20-42B2-A427-39FC2D66FF1A}.Release|x64.ActiveCfg = Release|x64
		{8DACEFE6-7C20-42B2-A427-39FC2D66FF1A}.Release|x64.Build.0 = Release|x64
		{8DACEFE6-7C20-42B2-A427-39FC2D66FF1A}.Release|x86.ActiveCfg = Release|x86
		{8DACEFE6-7C20-42B2-A427-39FC2D66FF1A}.Release|x86.Build.0 = Release|x86
		{BB1E6B96-5A64-482D-AE1F-D77BC6B874E8}.Debug|ARM.ActiveCfg = Debug|ARM
		{BB1E6B96-5A64-482D-AE1F-D77BC6B874E8}.Debug|ARM.Build.0 = Debug|ARM
		{BB1E6B96-5A64-482D-AE1F-D77BC6B874E8}.Debug|ARM.Deploy.0 = Debug|ARM
		{BB1E6B96-5A64-482D-AE1F-D77BC6B874E8}.Debug|Mixed Platforms.ActiveCfg = Debug|x86
		{BB1E6B96-5A64-482D-AE1F-D77BC6B874E8}.Debug|Mixed Platforms.Build.0 = Debug|x86
		{BB1E6B96-5A64-482D-AE1F-D77BC6B874E8}.Debug|Mixed Platforms.Deploy.0 = Debug|x86
		{BB1E6B96-5A64-482D-AE1F-D77BC6B874E8}.Debug|Win32.ActiveCfg = Debug|x86
		{BB1E6B96-5A64-482D-AE1F-D77BC6B874E8}.Debug|Win32.Build.0 = Debug|x86
		{BB1E6B96-5A64-482D-AE1F-D77BC6B874E8}.Debug|Win32.Deploy.0 = Debug|x86
		{BB1E6B96-5A64-482D-AE1F-D77BC6B874E8}.Debug|x64.ActiveCfg = Debug|x64
		{BB1E6B96-5A64-482D-AE1F-D77BC6B874E8}.Debug|x64.Build.0 = Debug|x64
		{BB1E6B96-5A64-482D-AE1F-D77BC6B874E8}.Debug|x64.Deploy.0 = Debug|x64
		{BB1E6B96-5A64-482D-AE1F-D77BC6B874E8}.Debug|x86.ActiveCfg = Debug|x86
		{BB1E6B96-5A64-482D-AE1F-D77BC6B874E8}.Debug|x86.Build.0 = Debug|x86
		{BB1E6B96-5A64-482D-AE1F-D77BC6B874E8}.Debug|x86.Deploy.0 = Debug|x86
		{BB1E6B96-5A64-482D-AE1F-D77BC6B874E8}.Release|ARM.ActiveCfg = Release|ARM
		{BB1E6B96-5A64-482D-AE1F-D77BC6B874E8}.Release|ARM.Build.0 = Release|ARM
		{BB1E6B96-5A64-482D-AE1F-D77BC6B874E8}.Release|ARM.Deploy.0 = Release|ARM
		{BB1E6B96-5A64-482D-AE1F-D77BC6B874E8}.Release|Mixed Platforms.ActiveCfg = Release|x86
		{BB1E6B96-5A64-482D-AE1F-D77BC6B874E8}.Release|Mixed Platforms.Build.0 = Release|x86
		{BB1E6B96-5A64-482D-AE1F-D77BC6B874E8}.Release|Mixed Platforms.Deploy.0 = Release|x86
		{BB1E6B96-5A64-482D-AE1F-D77BC6B874E8}.Release|Win32.ActiveCfg = Release|x86
		{BB1E6B96-5A64-482D-AE1F-D77BC6B874E8}.Release|Win32.Build.0 = Release|x86
		{BB1E6B96-5A64-482D-AE1F-D77BC6B874E8}.Release|Win32.Deploy.0 = Release|x86
		{BB1E6B96-5A64-482D-AE1F-D77BC6B874E8}.Release|x64.ActiveCfg = Release|x64
		{BB1E6B96-5A64-482D-AE1F-D77BC6B874E8}.Release|x64.Build.0 = Release|x64
		{BB1E6B96-5A64-482D-AE1F-D77BC6B874E8}.Release|x64.Deploy.0 = Release|x64
		{BB1E6B96-5A64-482D-AE1F-D77BC6B874E8}.Release|x86.ActiveCfg = Release|x86
		{BB1E6B96-5A64-482D-AE1F-D77BC6B874E8}.Release|x86.Build.0 = Release|x86
		{BB1E6B96-5A64-482D-AE1F-D77BC6B874E8}.Release|x86.Deploy.0 = Release|x86
		{F9091EFC-6083-49B9-89C9-F2C31330679B}.Debug|ARM.ActiveCfg = Debug|ARM
		{F9091EFC-6083-49B9-89C9-F2C31330679B}.Debug|ARM.Build.0 = Debug|ARM
		{F9091EFC-6083-49B9-89C9-F2C31330679B}.Debug|Mixed Platforms.ActiveCfg = Debug|x86
		{F9091EFC-6083-49B9-89C9-F2C31330679B}.Debug|Mixed Platforms.Build.0 = Debug|x86
		{F9091EFC-6083-49B9-89C9-F2C31330679B}.Debug|Win32.ActiveCfg = Debug|x86
		{F9091EFC-6083-49B9-89C9-F2C31330679B}.Debug|Win32.Build.0 = Debug|x86
		{F9091EFC-6083-49B9-89C9-F2C31330679B}.Debug|x64.ActiveCfg = Debug|x64
		{F9091EFC-6083-49B9-89C9-F2C31330679B}.Debug|x64.Build.0 = Debug|x64
		{F9091EFC-6083-49B9-89C9-F2C31330679B}.Debug|x86.ActiveCfg = Debug|x86
		{F9091EFC-6083-49B9-89C9-F2C31330679B}.Debug|x86.Build.0 = Debug|x86
		{F9091EFC-6083-49B9-89C9-F2C31330679B}.Release|ARM.ActiveCfg = Release|ARM
		{F9091EFC-6083-49B9-89C9-F2C31330679B}.Release|ARM.Build.0 = Release|ARM
		{F9091EFC-6083-49B9-89C9-F2C31330679B}.Release|Mixed Platforms.ActiveCfg = Release|x86
		{F9091EFC-6083-49B9-89C9-F2C31330679B}.Release|Mixed Platforms.Build.0 = Release|x86
		{F9091EFC-6083-49B9-89C9-F2C31330679B}.Release|Win32.ActiveCfg = Release|x86
		{F9091EFC-6083-49B9-89C9-F2C31330679B}.Release|Win32.Build.0 = Release|x86
		{F9091EFC-6083-49B9-89C9-F2C31330679B}.Release|x64.ActiveCfg = Release|x64
		{F9091EFC-6083-49B9-89C9-F2C31330679B}.Release|x64.Build.0 = Release|x64
		{F9091EFC-6083-49B9-89C9-F2C31330679B}.Release|x86.ActiveCfg = Release|x86
		{F9091EFC-6083-49B9-89C9-F2C31330679B}.Release|x86.Build.0 = Release|x86
		{81CC93B5-B0D9-4D5D-996C-D4D369F218E4}.Debug|ARM.ActiveCfg = Debug|ARM
		{81CC93B5-B0D9-4D5D-996C-D4D369F218E4}.Debug|ARM.Build.0 = Debug|ARM
		{81CC93B5-B0D9-4D5D-996C-D4D369F218E4}.Debug|ARM.Deploy.0 = Debug|ARM
		{81CC93B5-B0D9-4D5D-996C-D4D369F218E4}.Debug|Mixed Platforms.ActiveCfg = Debug|Win32
		{81CC93B5-B0D9-4D5D-996C-D4D369F218E4}.Debug|Mixed Platforms.Build.0 = Debug|Win32
		{81CC93B5-B0D9-4D5D-996C-D4D369F218E4}.Debug|Mixed Platforms.Deploy.0 = Debug|Win32
		{81CC93B5-B0D9-4D5D-996C-D4D369F218E4}.Debug|Win32.ActiveCfg = Debug|Win32
		{81CC93B5-B0D9-4D5D-996C-D4D369F218E4}.Debug|Win32.Build.0 = Debug|Win32
		{81CC93B5-B0D9-4D5D-996C-D4D369F218E4}.Debug|Win32.Deploy.0 = Debug|Win32
		{81CC93B5-B0D9-4D5D-996C-D4D369F218E4}.Debug|x64.ActiveCfg = Debug|x64
		{81CC93B5-B0D9-4D5D-996C-D4D369F218E4}.Debug|x64.Build.0 = Debug|x64
		{81CC93B5-B0D9-4D5D-996C-D4D369F218E4}.Debug|x64.Deploy.0 = Debug|x64
		{81CC93B5-B0D9-4D5D-996C-D4D369F218E4}.Debug|x86.ActiveCfg = Debug|Win32
		{81CC93B5-B0D9-4D5D-996C-D4D369F218E4}.Debug|x86.Build.0 = Debug|Win32
		{81CC93B5-B0D9-4D5D-996C-D4D369F218E4}.Debug|x86.Deploy.0 = Debug|Win32
		{81CC93B5-B0D9-4D5D-996C-D4D369F218E4}.Release|ARM.ActiveCfg = Release|ARM
		{81CC93B5-B0D9-4D5D-996C-D4D369F218E4}.Release|ARM.Build.0 = Release|ARM
		{81CC93B5-B0D9-4D5D-996C-D4D369F218E4}.Release|ARM.Deploy.0 = Release|ARM
		{81CC93B5-B0D9-4D5D-996C-D4D369F218E4}.Release|Mixed Platforms.ActiveCfg = Release|Win32
		{81CC93B5-B0D9-4D5D-996C-D4D369F218E4}.Release|Mixed Platforms.Build.0 = Release|Win32
		{81CC93B5-B0D9-4D5D-996C-D4D369F218E4}.Release|Mixed Platforms.Deploy.0 = Release|Win32
		{81CC93B5-B0D9-4D5D-996C-D4D369F218E4}.Release|Win32.ActiveCfg = Release|Win32
		{81CC93B5-B0D9-4D5D-996C-D4D369F218E4}.Release|Win32.Build.0 = Release|Win32
		{81CC93B5-B0D9-4D5D-996C-D4D369F218E4}.Release|Win32.Deploy.0 = Release|Win32
		{81CC93B5-B0D9-4D5D-996C-D4D369F218E4}.Release|x64.ActiveCfg = Release|x64
		{81CC93B5-B0D9-4D5D-996C-D4D369F218E4}.Release|x64.Build.0 = Release|x64
		{81CC93B5-B0D9-4D5D-996C-D4D369F218E4}.Release|x64.Deploy.0 = Release|x64
		{81CC93B5-B0D9-4D5D-996C-D4D369F218E4}.Release|x86.ActiveCfg = Release|Win32
		{81CC93B5-B0D9-4D5D-996C-D4D369F218E4}.Release|x86.Build.0 = Release|Win32
		{81CC93B5-B0D9-4D5D-996C-D4D369F218E4}.Release|x86.Deploy.0 = Release|Win32
		{9A9B6A88-4B69-4522-8DE9-83719F4EE4B4}.Debug|ARM.ActiveCfg = Debug|ARM
		{9A9B6A88-4B69-4522-8DE9-83719F4EE4B4}.Debug|ARM.Build.0 = Debug|ARM
		{9A9B6A88-4B69-4522-8DE9-83719F4EE4B4}.Debug|ARM.Deploy.0 = Debug|ARM
		{9A9B6A88-4B69-4522-8DE9-83719F4EE4B4}.Debug|Mixed Platforms.ActiveCfg = Debug|x86
		{9A9B6A88-4B69-4522-8DE9-83719F4EE4B4}.Debug|Mixed Platforms.Build.0 = Debug|x86
		{9A9B6A88-4B69-4522-8DE9-83719F4EE4B4}.Debug|Mixed Platforms.Deploy.0 = Debug|x86
		{9A9B6A88-4B69-4522-8DE9-83719F4EE4B4}.Debug|Win32.ActiveCfg = Debug|x86
		{9A9B6A88-4B69-4522-8DE9-83719F4EE4B4}.Debug|Win32.Build.0 = Debug|x86
		{9A9B6A88-4B69-4522-8DE9-83719F4EE4B4}.Debug|Win32.Deploy.0 = Debug|x86
		{9A9B6A88-4B69-4522-8DE9-83719F4EE4B4}.Debug|x64.ActiveCfg = Debug|x64
		{9A9B6A88-4B69-4522-8DE9-83719F4EE4B4}.Debug|x64.Build.0 = Debug|x64
		{9A9B6A88-4B69-4522-8DE9-83719F4EE4B4}.Debug|x64.Deploy.0 = Debug|x64
		{9A9B6A88-4B69-4522-8DE9-83719F4EE4B4}.Debug|x86.ActiveCfg = Debug|x86
		{9A9B6A88-4B69-4522-8DE9-83719F4EE4B4}.Debug|x86.Build.0 = Debug|x86
		{9A9B6A88-4B69-4522-8DE9-83719F4EE4B4}.Debug|x86.Deploy.0 = Debug|x86
		{9A9B6A88-4B69-4522-8DE9-83719F4EE4B4}.Release|ARM.ActiveCfg = Release|ARM
		{9A9B6A88-4B69-4522-8DE9-83719F4EE4B4}.Release|ARM.Build.0 = Release|ARM
		{9A9B6A88-4B69-4522-8DE9-83719F4EE4B4}.Release|ARM.Deploy.0 = Release|ARM
		{9A9B6A88-4B69-4522-8DE9-83719F4EE4B4}.Release|Mixed Platforms.ActiveCfg = Release|x86
		{9A9B6A88-4B69-4522-8DE9-83719F4EE4B4}.Release|Mixed Platforms.Build.0 = Release|x86
		{9A9B6A88-4B69-4522-8DE9-83719F4EE4B4}.Release|Mixed Platforms.Deploy.0 = Release|x86
		{9A9B6A88-4B69-4522-8DE9-83719F4EE4B4}.Release|Win32.ActiveCfg = Release|x86
		{9A9B6A88-4B69-4522-8DE9-83719F4EE4B4}.Release|Win32.Build.0 = Release|x86
		{9A9B6A88-4B69-4522-8DE9-83719F4EE4B4}.Release|Win32.Deploy.0 = Release|x86
		{9A9B6A88-4B69-4522-8DE9-83719F4EE4B4}.Release|x64.ActiveCfg = Release|x64
		{9A9B6A88-4B69-4522-8DE9-83719F4EE4B4}.Release|x64.Build.0 = Release|x64
		{9A9B6A88-4B69-4522-8DE9-83719F4EE4B4}.Release|x64.Deploy.0 = Release|x64
		{9A9B6A88-4B69-4522-8DE9-83719F4EE4B4}.Release|x86.ActiveCfg = Release|x86
		{9A9B6A88-4B69-4522-8DE9-83719F4EE4B4}.Release|x86.Build.0 = Release|x86
		{9A9B6A88-4B69-4522-8DE9-83719F4EE4B4}.Release|x86.Deploy.0 = Release|x86
	EndGlobalSection
	GlobalSection(SolutionProperties) = preSolution
		HideSolutionNode = FALSE
	EndGlobalSection
	GlobalSection(NestedProjects) = preSolution
		{7D4B2E30-47DA-43C0-9913-3EC6ADABFF77} = {830F2EB8-4E69-44AC-A64F-E6F70DB5D76E}
		{B6A2285B-A13C-4940-874E-A6C1CC6F9C95} = {830F2EB8-4E69-44AC-A64F-E6F70DB5D76E}
		{E959174D-3AA3-427A-83AF-68C1069C0E54} = {830F2EB8-4E69-44AC-A64F-E6F70DB5D76E}
		{E2272F21-AE1F-4F8F-B064-991D3C699F35} = {830F2EB8-4E69-44AC-A64F-E6F70DB5D76E}
		{1BDDDB2B-6E62-4D98-AD3F-EA7E109C4205} = {830F2EB8-4E69-44AC-A64F-E6F70DB5D76E}
		{1C5C16C1-F0BD-4CAB-BFBA-60442E89A8E0} = {CCA7DBAD-EEA6-4C1C-9A6B-A1E7FEE993F2}
		{FA4980E7-B08F-42A1-9D9F-7044953089C4} = {CCA7DBAD-EEA6-4C1C-9A6B-A1E7FEE993F2}
		{5720FED7-3C83-4EB3-808E-1D742E2AAEFA} = {CCA7DBAD-EEA6-4C1C-9A6B-A1E7FEE993F2}
		{52256F42-1952-42AE-8186-01E44CE53A9C} = {CCA7DBAD-EEA6-4C1C-9A6B-A1E7FEE993F2}
		{0A748EF0-EF48-4931-B8A4-74CD32C84BF5} = {CCA7DBAD-EEA6-4C1C-9A6B-A1E7FEE993F2}
		{25FA02C7-DE47-48D3-8FF5-D885779F6167} = {CCA7DBAD-EEA6-4C1C-9A6B-A1E7FEE993F2}
		{627240A5-28BC-40D7-AA0D-225B55452270} = {D1571304-0344-45D2-8436-9E3E04F4F9C1}
		{CCA7DBAD-EEA6-4C1C-9A6B-A1E7FEE993F2} = {9DF19505-39B2-419F-8DB0-3D4BD9E79E1D}
		{EF3FB3C2-5036-403A-988B-1C8B2A54D695} = {9DF19505-39B2-419F-8DB0-3D4BD9E79E1D}
		{A2F51990-D692-44BE-9289-80CC68CCAC59} = {EF3FB3C2-5036-403A-988B-1C8B2A54D695}
		{0FD93F86-43FD-46EB-AFD1-98FADD670C57} = {EF3FB3C2-5036-403A-988B-1C8B2A54D695}
		{6663A50D-D69D-418C-B555-ADEFC319D72D} = {EF3FB3C2-5036-403A-988B-1C8B2A54D695}
		{EA02C48A-4A69-4C3D-BD86-4F9526F404CD} = {EF3FB3C2-5036-403A-988B-1C8B2A54D695}
		{F0CE1619-E0BD-44BA-810D-7CBDC5C4D43C} = {EF3FB3C2-5036-403A-988B-1C8B2A54D695}
		{72D68A4E-B43F-430B-B874-DECE6E3E1AFE} = {D1571304-0344-45D2-8436-9E3E04F4F9C1}
		{467FB189-F04C-449A-BDA3-590D6206BD0F} = {CCA7DBAD-EEA6-4C1C-9A6B-A1E7FEE993F2}
		{9CFA3B3E-B7AF-4629-84E2-C962C5B046B1} = {D1571304-0344-45D2-8436-9E3E04F4F9C1}
		{647128A5-E4A9-4E89-8A28-9534E560AFE9} = {EF3FB3C2-5036-403A-988B-1C8B2A54D695}
		{46C483E2-308A-463D-9D4C-C0EB122CC72D} = {D1571304-0344-45D2-8436-9E3E04F4F9C1}
		{0B076E94-8248-47F7-843C-25EEC0287A84} = {D1571304-0344-45D2-8436-9E3E04F4F9C1}
		{8DACEFE6-7C20-42B2-A427-39FC2D66FF1A} = {D1571304-0344-45D2-8436-9E3E04F4F9C1}
		{BB1E6B96-5A64-482D-AE1F-D77BC6B874E8} = {D1571304-0344-45D2-8436-9E3E04F4F9C1}
		{F9091EFC-6083-49B9-89C9-F2C31330679B} = {EF3FB3C2-5036-403A-988B-1C8B2A54D695}
		{81CC93B5-B0D9-4D5D-996C-D4D369F218E4} = {D1571304-0344-45D2-8436-9E3E04F4F9C1}
		{9A9B6A88-4B69-4522-8DE9-83719F4EE4B4} = {D1571304-0344-45D2-8436-9E3E04F4F9C1}
	EndGlobalSection
	GlobalSection(ExtensibilityGlobals) = postSolution
		SolutionGuid = {3A8BB11D-F565-4847-9E93-27DA2CAD2792}
	EndGlobalSection
EndGlobal
